// !$*UTF8*$!
{
	archiveVersion = 1;
	classes = {
	};
	objectVersion = 56;
	objects = {

/* Begin PBXBuildFile section */
		B00EAD552A5B3FCA00A444DA /* MessageCellPresenter.swift in Sources */ = {isa = PBXBuildFile; fileRef = B00EAD542A5B3FCA00A444DA /* MessageCellPresenter.swift */; };
		B03056F42A5B43B300960634 /* MessageCell.xib in Resources */ = {isa = PBXBuildFile; fileRef = B03056F32A5B43B300960634 /* MessageCell.xib */; };
		B03BF3262A1F87CF0015BCB4 /* AppDelegate.swift in Sources */ = {isa = PBXBuildFile; fileRef = B03BF3252A1F87CF0015BCB4 /* AppDelegate.swift */; };
		B03BF3282A1F87CF0015BCB4 /* SceneDelegate.swift in Sources */ = {isa = PBXBuildFile; fileRef = B03BF3272A1F87CF0015BCB4 /* SceneDelegate.swift */; };
		B03BF32D2A1F87CF0015BCB4 /* Main.storyboard in Resources */ = {isa = PBXBuildFile; fileRef = B03BF32B2A1F87CF0015BCB4 /* Main.storyboard */; };
		B03BF3302A1F87CF0015BCB4 /* Pigeon.xcdatamodeld in Sources */ = {isa = PBXBuildFile; fileRef = B03BF32E2A1F87CF0015BCB4 /* Pigeon.xcdatamodeld */; };
		B03BF3322A1F87D00015BCB4 /* Assets.xcassets in Resources */ = {isa = PBXBuildFile; fileRef = B03BF3312A1F87D00015BCB4 /* Assets.xcassets */; };
		B03BF3352A1F87D00015BCB4 /* LaunchScreen.storyboard in Resources */ = {isa = PBXBuildFile; fileRef = B03BF3332A1F87D00015BCB4 /* LaunchScreen.storyboard */; };
		B03BF3442A1F8C580015BCB4 /* ChatViewController.swift in Sources */ = {isa = PBXBuildFile; fileRef = B03BF3432A1F8C580015BCB4 /* ChatViewController.swift */; };
		B03BF3462A1F8C6B0015BCB4 /* NewConversationViewController.swift in Sources */ = {isa = PBXBuildFile; fileRef = B03BF3452A1F8C6B0015BCB4 /* NewConversationViewController.swift */; };
		B03BF3482A1F938C0015BCB4 /* ConversationsViewController.swift in Sources */ = {isa = PBXBuildFile; fileRef = B03BF3472A1F938C0015BCB4 /* ConversationsViewController.swift */; };
		B03BF34A2A1F93960015BCB4 /* RegisterViewController.swift in Sources */ = {isa = PBXBuildFile; fileRef = B03BF3492A1F93960015BCB4 /* RegisterViewController.swift */; };
		B03BF34C2A1F939F0015BCB4 /* LoginViewController.swift in Sources */ = {isa = PBXBuildFile; fileRef = B03BF34B2A1F939F0015BCB4 /* LoginViewController.swift */; };
		B03BF34E2A1F93B50015BCB4 /* EntryViewController.swift in Sources */ = {isa = PBXBuildFile; fileRef = B03BF34D2A1F93B50015BCB4 /* EntryViewController.swift */; };
		B03BF3502A1F93D00015BCB4 /* ChatViewModel.swift in Sources */ = {isa = PBXBuildFile; fileRef = B03BF34F2A1F93D00015BCB4 /* ChatViewModel.swift */; };
		B03BF3522A1F93E20015BCB4 /* NewConversationViewModel.swift in Sources */ = {isa = PBXBuildFile; fileRef = B03BF3512A1F93E20015BCB4 /* NewConversationViewModel.swift */; };
		B03BF3542A1F93F70015BCB4 /* ConversationsViewModel.swift in Sources */ = {isa = PBXBuildFile; fileRef = B03BF3532A1F93F70015BCB4 /* ConversationsViewModel.swift */; };
		B03BF3562A1F940E0015BCB4 /* RegisterViewModel.swift in Sources */ = {isa = PBXBuildFile; fileRef = B03BF3552A1F940E0015BCB4 /* RegisterViewModel.swift */; };
		B03BF3582A1F941C0015BCB4 /* LoginViewModel.swift in Sources */ = {isa = PBXBuildFile; fileRef = B03BF3572A1F941C0015BCB4 /* LoginViewModel.swift */; };
		B03BF35A2A1F94300015BCB4 /* EntryViewModel.swift in Sources */ = {isa = PBXBuildFile; fileRef = B03BF3592A1F94300015BCB4 /* EntryViewModel.swift */; };
		B03BF35D2A1F9B730015BCB4 /* FirebaseAuthService.swift in Sources */ = {isa = PBXBuildFile; fileRef = B03BF35C2A1F9B730015BCB4 /* FirebaseAuthService.swift */; };
		B03BF35F2A1F9BBC0015BCB4 /* DatabaseService.swift in Sources */ = {isa = PBXBuildFile; fileRef = B03BF35E2A1F9BBC0015BCB4 /* DatabaseService.swift */; };
		B03BF3732A1FA0B70015BCB4 /* MessageCell.swift in Sources */ = {isa = PBXBuildFile; fileRef = B03BF3712A1FA0B70015BCB4 /* MessageCell.swift */; };
		B07A22072A1FA9070010F97C /* FirebaseAppCheck in Frameworks */ = {isa = PBXBuildFile; productRef = B07A22062A1FA9070010F97C /* FirebaseAppCheck */; };
		B07A22092A1FA9070010F97C /* FirebaseAuth in Frameworks */ = {isa = PBXBuildFile; productRef = B07A22082A1FA9070010F97C /* FirebaseAuth */; };
		B07A220B2A1FA9070010F97C /* FirebaseCrashlytics in Frameworks */ = {isa = PBXBuildFile; productRef = B07A220A2A1FA9070010F97C /* FirebaseCrashlytics */; };
		B07A220D2A1FA9070010F97C /* FirebaseDatabase in Frameworks */ = {isa = PBXBuildFile; productRef = B07A220C2A1FA9070010F97C /* FirebaseDatabase */; };
		B07A220F2A1FA9070010F97C /* FirebaseFirestore in Frameworks */ = {isa = PBXBuildFile; productRef = B07A220E2A1FA9070010F97C /* FirebaseFirestore */; };
		B07A22112A1FA9070010F97C /* FirebaseStorage in Frameworks */ = {isa = PBXBuildFile; productRef = B07A22102A1FA9070010F97C /* FirebaseStorage */; };
		B07A22132A1FA9560010F97C /* GoogleService-Info.plist in Resources */ = {isa = PBXBuildFile; fileRef = B07A22122A1FA9560010F97C /* GoogleService-Info.plist */; };
		B07A22162A1FBAE40010F97C /* AlertPresentable.swift in Sources */ = {isa = PBXBuildFile; fileRef = B07A22152A1FBAE40010F97C /* AlertPresentable.swift */; };
		B07A22182A1FBB700010F97C /* SeguePerformable.swift in Sources */ = {isa = PBXBuildFile; fileRef = B07A22172A1FBB700010F97C /* SeguePerformable.swift */; };
		B07DFD7A2A221B7900B2DADF /* UserCellPresenter.swift in Sources */ = {isa = PBXBuildFile; fileRef = B07DFD792A221B7900B2DADF /* UserCellPresenter.swift */; };
		B07DFD802A221DA600B2DADF /* Collection+Extensions.swift in Sources */ = {isa = PBXBuildFile; fileRef = B07DFD7F2A221DA600B2DADF /* Collection+Extensions.swift */; };
		B07DFD852A2221A800B2DADF /* UserCell.swift in Sources */ = {isa = PBXBuildFile; fileRef = B07DFD842A2221A800B2DADF /* UserCell.swift */; };
		B09375A22A213A8300DCE725 /* Conversation.swift in Sources */ = {isa = PBXBuildFile; fileRef = B09375A12A213A8300DCE725 /* Conversation.swift */; };
		B0A19C1E2A2802ED00608FED /* Message.swift in Sources */ = {isa = PBXBuildFile; fileRef = B0A19C1D2A2802ED00608FED /* Message.swift */; };
/* End PBXBuildFile section */

/* Begin PBXFileReference section */
		B00EAD542A5B3FCA00A444DA /* MessageCellPresenter.swift */ = {isa = PBXFileReference; lastKnownFileType = sourcecode.swift; path = MessageCellPresenter.swift; sourceTree = "<group>"; };
		B03056F32A5B43B300960634 /* MessageCell.xib */ = {isa = PBXFileReference; fileEncoding = 4; lastKnownFileType = file.xib; path = MessageCell.xib; sourceTree = "<group>"; };
		B03BF3222A1F87CF0015BCB4 /* Pigeon.app */ = {isa = PBXFileReference; explicitFileType = wrapper.application; includeInIndex = 0; path = Pigeon.app; sourceTree = BUILT_PRODUCTS_DIR; };
		B03BF3252A1F87CF0015BCB4 /* AppDelegate.swift */ = {isa = PBXFileReference; lastKnownFileType = sourcecode.swift; path = AppDelegate.swift; sourceTree = "<group>"; };
		B03BF3272A1F87CF0015BCB4 /* SceneDelegate.swift */ = {isa = PBXFileReference; lastKnownFileType = sourcecode.swift; path = SceneDelegate.swift; sourceTree = "<group>"; };
		B03BF32C2A1F87CF0015BCB4 /* Base */ = {isa = PBXFileReference; lastKnownFileType = file.storyboard; name = Base; path = Base.lproj/Main.storyboard; sourceTree = "<group>"; };
		B03BF32F2A1F87CF0015BCB4 /* Pigeon.xcdatamodel */ = {isa = PBXFileReference; lastKnownFileType = wrapper.xcdatamodel; path = Pigeon.xcdatamodel; sourceTree = "<group>"; };
		B03BF3312A1F87D00015BCB4 /* Assets.xcassets */ = {isa = PBXFileReference; lastKnownFileType = folder.assetcatalog; path = Assets.xcassets; sourceTree = "<group>"; };
		B03BF3342A1F87D00015BCB4 /* Base */ = {isa = PBXFileReference; lastKnownFileType = file.storyboard; name = Base; path = Base.lproj/LaunchScreen.storyboard; sourceTree = "<group>"; };
		B03BF3362A1F87D00015BCB4 /* Info.plist */ = {isa = PBXFileReference; lastKnownFileType = text.plist.xml; path = Info.plist; sourceTree = "<group>"; };
		B03BF3432A1F8C580015BCB4 /* ChatViewController.swift */ = {isa = PBXFileReference; lastKnownFileType = sourcecode.swift; path = ChatViewController.swift; sourceTree = "<group>"; };
		B03BF3452A1F8C6B0015BCB4 /* NewConversationViewController.swift */ = {isa = PBXFileReference; lastKnownFileType = sourcecode.swift; path = NewConversationViewController.swift; sourceTree = "<group>"; };
		B03BF3472A1F938C0015BCB4 /* ConversationsViewController.swift */ = {isa = PBXFileReference; lastKnownFileType = sourcecode.swift; path = ConversationsViewController.swift; sourceTree = "<group>"; };
		B03BF3492A1F93960015BCB4 /* RegisterViewController.swift */ = {isa = PBXFileReference; lastKnownFileType = sourcecode.swift; path = RegisterViewController.swift; sourceTree = "<group>"; };
		B03BF34B2A1F939F0015BCB4 /* LoginViewController.swift */ = {isa = PBXFileReference; lastKnownFileType = sourcecode.swift; path = LoginViewController.swift; sourceTree = "<group>"; };
		B03BF34D2A1F93B50015BCB4 /* EntryViewController.swift */ = {isa = PBXFileReference; lastKnownFileType = sourcecode.swift; path = EntryViewController.swift; sourceTree = "<group>"; };
		B03BF34F2A1F93D00015BCB4 /* ChatViewModel.swift */ = {isa = PBXFileReference; lastKnownFileType = sourcecode.swift; path = ChatViewModel.swift; sourceTree = "<group>"; };
		B03BF3512A1F93E20015BCB4 /* NewConversationViewModel.swift */ = {isa = PBXFileReference; lastKnownFileType = sourcecode.swift; path = NewConversationViewModel.swift; sourceTree = "<group>"; };
		B03BF3532A1F93F70015BCB4 /* ConversationsViewModel.swift */ = {isa = PBXFileReference; lastKnownFileType = sourcecode.swift; path = ConversationsViewModel.swift; sourceTree = "<group>"; };
		B03BF3552A1F940E0015BCB4 /* RegisterViewModel.swift */ = {isa = PBXFileReference; lastKnownFileType = sourcecode.swift; path = RegisterViewModel.swift; sourceTree = "<group>"; };
		B03BF3572A1F941C0015BCB4 /* LoginViewModel.swift */ = {isa = PBXFileReference; lastKnownFileType = sourcecode.swift; path = LoginViewModel.swift; sourceTree = "<group>"; };
		B03BF3592A1F94300015BCB4 /* EntryViewModel.swift */ = {isa = PBXFileReference; lastKnownFileType = sourcecode.swift; path = EntryViewModel.swift; sourceTree = "<group>"; };
		B03BF35C2A1F9B730015BCB4 /* FirebaseAuthService.swift */ = {isa = PBXFileReference; lastKnownFileType = sourcecode.swift; path = FirebaseAuthService.swift; sourceTree = "<group>"; };
		B03BF35E2A1F9BBC0015BCB4 /* DatabaseService.swift */ = {isa = PBXFileReference; lastKnownFileType = sourcecode.swift; path = DatabaseService.swift; sourceTree = "<group>"; };
		B03BF3712A1FA0B70015BCB4 /* MessageCell.swift */ = {isa = PBXFileReference; lastKnownFileType = sourcecode.swift; path = MessageCell.swift; sourceTree = "<group>"; };
		B07A22122A1FA9560010F97C /* GoogleService-Info.plist */ = {isa = PBXFileReference; fileEncoding = 4; lastKnownFileType = text.plist.xml; path = "GoogleService-Info.plist"; sourceTree = "<group>"; };
		B07A22152A1FBAE40010F97C /* AlertPresentable.swift */ = {isa = PBXFileReference; lastKnownFileType = sourcecode.swift; path = AlertPresentable.swift; sourceTree = "<group>"; };
		B07A22172A1FBB700010F97C /* SeguePerformable.swift */ = {isa = PBXFileReference; lastKnownFileType = sourcecode.swift; path = SeguePerformable.swift; sourceTree = "<group>"; };
		B07DFD792A221B7900B2DADF /* UserCellPresenter.swift */ = {isa = PBXFileReference; lastKnownFileType = sourcecode.swift; path = UserCellPresenter.swift; sourceTree = "<group>"; };
		B07DFD7F2A221DA600B2DADF /* Collection+Extensions.swift */ = {isa = PBXFileReference; lastKnownFileType = sourcecode.swift; path = "Collection+Extensions.swift"; sourceTree = "<group>"; };
		B07DFD842A2221A800B2DADF /* UserCell.swift */ = {isa = PBXFileReference; lastKnownFileType = sourcecode.swift; path = UserCell.swift; sourceTree = "<group>"; };
		B09375A12A213A8300DCE725 /* Conversation.swift */ = {isa = PBXFileReference; lastKnownFileType = sourcecode.swift; path = Conversation.swift; sourceTree = "<group>"; };
		B0A19C1D2A2802ED00608FED /* Message.swift */ = {isa = PBXFileReference; lastKnownFileType = sourcecode.swift; path = Message.swift; sourceTree = "<group>"; };
/* End PBXFileReference section */

/* Begin PBXFrameworksBuildPhase section */
		B03BF31F2A1F87CF0015BCB4 /* Frameworks */ = {
			isa = PBXFrameworksBuildPhase;
			buildActionMask = 2147483647;
			files = (
				B07A220B2A1FA9070010F97C /* FirebaseCrashlytics in Frameworks */,
				B07A22072A1FA9070010F97C /* FirebaseAppCheck in Frameworks */,
				B07A220D2A1FA9070010F97C /* FirebaseDatabase in Frameworks */,
				B07A220F2A1FA9070010F97C /* FirebaseFirestore in Frameworks */,
				B07A22092A1FA9070010F97C /* FirebaseAuth in Frameworks */,
				B07A22112A1FA9070010F97C /* FirebaseStorage in Frameworks */,
			);
			runOnlyForDeploymentPostprocessing = 0;
		};
/* End PBXFrameworksBuildPhase section */

/* Begin PBXGroup section */
		B03BF3192A1F87CF0015BCB4 = {
			isa = PBXGroup;
			children = (
				B03BF3242A1F87CF0015BCB4 /* Pigeon */,
				B03BF3232A1F87CF0015BCB4 /* Products */,
			);
			sourceTree = "<group>";
		};
		B03BF3232A1F87CF0015BCB4 /* Products */ = {
			isa = PBXGroup;
			children = (
				B03BF3222A1F87CF0015BCB4 /* Pigeon.app */,
			);
			name = Products;
			sourceTree = "<group>";
		};
		B03BF3242A1F87CF0015BCB4 /* Pigeon */ = {
			isa = PBXGroup;
			children = (
				B09375A02A213A6B00DCE725 /* Models */,
				B03BF3622A1F9C420015BCB4 /* Common */,
				B03BF35B2A1F9B3F0015BCB4 /* Services */,
				B03BF33C2A1F8B4B0015BCB4 /* Screens */,
				B03BF3602A1F9BD50015BCB4 /* Views */,
				B03BF3312A1F87D00015BCB4 /* Assets.xcassets */,
				B03BF3362A1F87D00015BCB4 /* Info.plist */,
				B07A22122A1FA9560010F97C /* GoogleService-Info.plist */,
				B03BF32E2A1F87CF0015BCB4 /* Pigeon.xcdatamodeld */,
			);
			path = Pigeon;
			sourceTree = "<group>";
		};
		B03BF33C2A1F8B4B0015BCB4 /* Screens */ = {
			isa = PBXGroup;
			children = (
				B03BF33D2A1F8BC40015BCB4 /* EntryScreen */,
				B03BF33E2A1F8BE10015BCB4 /* LoginScreen */,
				B03BF33F2A1F8BE90015BCB4 /* RegisterScreen */,
				B03BF3412A1F8C140015BCB4 /* NewConversationScreen */,
				B03BF3402A1F8BF50015BCB4 /* ConversationsScreen */,
				B03BF3422A1F8C270015BCB4 /* ChatScreen */,
			);
			path = Screens;
			sourceTree = "<group>";
		};
		B03BF33D2A1F8BC40015BCB4 /* EntryScreen */ = {
			isa = PBXGroup;
			children = (
				B03BF34D2A1F93B50015BCB4 /* EntryViewController.swift */,
				B03BF3592A1F94300015BCB4 /* EntryViewModel.swift */,
			);
			path = EntryScreen;
			sourceTree = "<group>";
		};
		B03BF33E2A1F8BE10015BCB4 /* LoginScreen */ = {
			isa = PBXGroup;
			children = (
				B03BF34B2A1F939F0015BCB4 /* LoginViewController.swift */,
				B03BF3572A1F941C0015BCB4 /* LoginViewModel.swift */,
			);
			path = LoginScreen;
			sourceTree = "<group>";
		};
		B03BF33F2A1F8BE90015BCB4 /* RegisterScreen */ = {
			isa = PBXGroup;
			children = (
				B03BF3492A1F93960015BCB4 /* RegisterViewController.swift */,
				B03BF3552A1F940E0015BCB4 /* RegisterViewModel.swift */,
			);
			path = RegisterScreen;
			sourceTree = "<group>";
		};
		B03BF3402A1F8BF50015BCB4 /* ConversationsScreen */ = {
			isa = PBXGroup;
			children = (
				B03BF3472A1F938C0015BCB4 /* ConversationsViewController.swift */,
				B03BF3532A1F93F70015BCB4 /* ConversationsViewModel.swift */,
			);
			path = ConversationsScreen;
			sourceTree = "<group>";
		};
		B03BF3412A1F8C140015BCB4 /* NewConversationScreen */ = {
			isa = PBXGroup;
			children = (
				B03BF3452A1F8C6B0015BCB4 /* NewConversationViewController.swift */,
				B03BF3512A1F93E20015BCB4 /* NewConversationViewModel.swift */,
			);
			path = NewConversationScreen;
			sourceTree = "<group>";
		};
		B03BF3422A1F8C270015BCB4 /* ChatScreen */ = {
			isa = PBXGroup;
			children = (
				B03BF3432A1F8C580015BCB4 /* ChatViewController.swift */,
				B03BF34F2A1F93D00015BCB4 /* ChatViewModel.swift */,
			);
			path = ChatScreen;
			sourceTree = "<group>";
		};
		B03BF35B2A1F9B3F0015BCB4 /* Services */ = {
			isa = PBXGroup;
			children = (
				B03BF35C2A1F9B730015BCB4 /* FirebaseAuthService.swift */,
				B03BF35E2A1F9BBC0015BCB4 /* DatabaseService.swift */,
			);
			path = Services;
			sourceTree = "<group>";
		};
		B03BF3602A1F9BD50015BCB4 /* Views */ = {
			isa = PBXGroup;
			children = (
				B07DFD872A224C3500B2DADF /* Cells */,
				B03BF3612A1F9BF60015BCB4 /* Storyboards */,
			);
			path = Views;
			sourceTree = "<group>";
		};
		B03BF3612A1F9BF60015BCB4 /* Storyboards */ = {
			isa = PBXGroup;
			children = (
				B03BF32B2A1F87CF0015BCB4 /* Main.storyboard */,
				B03BF3332A1F87D00015BCB4 /* LaunchScreen.storyboard */,
			);
			path = Storyboards;
			sourceTree = "<group>";
		};
		B03BF3622A1F9C420015BCB4 /* Common */ = {
			isa = PBXGroup;
			children = (
				B03BF3632A1F9C500015BCB4 /* Core */,
				B07DFD7B2A221D6400B2DADF /* Utils */,
			);
			path = Common;
			sourceTree = "<group>";
		};
		B03BF3632A1F9C500015BCB4 /* Core */ = {
			isa = PBXGroup;
			children = (
				B03BF3252A1F87CF0015BCB4 /* AppDelegate.swift */,
				B03BF3272A1F87CF0015BCB4 /* SceneDelegate.swift */,
			);
			path = Core;
			sourceTree = "<group>";
		};
		B03BF3642A1F9EFF0015BCB4 /* MessageCell */ = {
			isa = PBXGroup;
			children = (
				B03056F32A5B43B300960634 /* MessageCell.xib */,
				B03BF3712A1FA0B70015BCB4 /* MessageCell.swift */,
				B00EAD542A5B3FCA00A444DA /* MessageCellPresenter.swift */,
			);
			path = MessageCell;
			sourceTree = "<group>";
		};
		B07A22142A1FBAB50010F97C /* Protocols */ = {
			isa = PBXGroup;
			children = (
				B07A22152A1FBAE40010F97C /* AlertPresentable.swift */,
				B07A22172A1FBB700010F97C /* SeguePerformable.swift */,
			);
			path = Protocols;
			sourceTree = "<group>";
		};
		B07DFD7B2A221D6400B2DADF /* Utils */ = {
			isa = PBXGroup;
			children = (
				B07A22142A1FBAB50010F97C /* Protocols */,
				B07DFD7C2A221D6E00B2DADF /* Extensions */,
			);
			path = Utils;
			sourceTree = "<group>";
		};
		B07DFD7C2A221D6E00B2DADF /* Extensions */ = {
			isa = PBXGroup;
			children = (
				B07DFD7F2A221DA600B2DADF /* Collection+Extensions.swift */,
			);
			path = Extensions;
			sourceTree = "<group>";
		};
		B07DFD812A221FE900B2DADF /* UserCell */ = {
			isa = PBXGroup;
			children = (
				B07DFD792A221B7900B2DADF /* UserCellPresenter.swift */,
				B07DFD842A2221A800B2DADF /* UserCell.swift */,
			);
			path = UserCell;
			sourceTree = "<group>";
		};
		B07DFD872A224C3500B2DADF /* Cells */ = {
			isa = PBXGroup;
			children = (
				B03BF3642A1F9EFF0015BCB4 /* MessageCell */,
				B07DFD812A221FE900B2DADF /* UserCell */,
			);
			path = Cells;
			sourceTree = "<group>";
		};
		B09375A02A213A6B00DCE725 /* Models */ = {
			isa = PBXGroup;
			children = (
				B09375A12A213A8300DCE725 /* Conversation.swift */,
				B0A19C1D2A2802ED00608FED /* Message.swift */,
			);
			path = Models;
			sourceTree = "<group>";
		};
/* End PBXGroup section */

/* Begin PBXNativeTarget section */
		B03BF3212A1F87CF0015BCB4 /* Pigeon */ = {
			isa = PBXNativeTarget;
			buildConfigurationList = B03BF3392A1F87D00015BCB4 /* Build configuration list for PBXNativeTarget "Pigeon" */;
			buildPhases = (
				B03BF31E2A1F87CF0015BCB4 /* Sources */,
				B03BF31F2A1F87CF0015BCB4 /* Frameworks */,
				B03BF3202A1F87CF0015BCB4 /* Resources */,
			);
			buildRules = (
			);
			dependencies = (
			);
			name = Pigeon;
			packageProductDependencies = (
				B07A22062A1FA9070010F97C /* FirebaseAppCheck */,
				B07A22082A1FA9070010F97C /* FirebaseAuth */,
				B07A220A2A1FA9070010F97C /* FirebaseCrashlytics */,
				B07A220C2A1FA9070010F97C /* FirebaseDatabase */,
				B07A220E2A1FA9070010F97C /* FirebaseFirestore */,
				B07A22102A1FA9070010F97C /* FirebaseStorage */,
			);
			productName = Pigeon;
			productReference = B03BF3222A1F87CF0015BCB4 /* Pigeon.app */;
			productType = "com.apple.product-type.application";
		};
/* End PBXNativeTarget section */

/* Begin PBXProject section */
		B03BF31A2A1F87CF0015BCB4 /* Project object */ = {
			isa = PBXProject;
			attributes = {
				BuildIndependentTargetsInParallel = 1;
				LastSwiftUpdateCheck = 1430;
				LastUpgradeCheck = 1430;
				TargetAttributes = {
					B03BF3212A1F87CF0015BCB4 = {
						CreatedOnToolsVersion = 14.3;
					};
				};
			};
			buildConfigurationList = B03BF31D2A1F87CF0015BCB4 /* Build configuration list for PBXProject "Pigeon" */;
			compatibilityVersion = "Xcode 14.0";
			developmentRegion = en;
			hasScannedForEncodings = 0;
			knownRegions = (
				en,
				Base,
			);
			mainGroup = B03BF3192A1F87CF0015BCB4;
			packageReferences = (
				B07A22052A1FA9070010F97C /* XCRemoteSwiftPackageReference "firebase-ios-sdk" */,
			);
			productRefGroup = B03BF3232A1F87CF0015BCB4 /* Products */;
			projectDirPath = "";
			projectRoot = "";
			targets = (
				B03BF3212A1F87CF0015BCB4 /* Pigeon */,
			);
		};
/* End PBXProject section */

/* Begin PBXResourcesBuildPhase section */
		B03BF3202A1F87CF0015BCB4 /* Resources */ = {
			isa = PBXResourcesBuildPhase;
			buildActionMask = 2147483647;
			files = (
				B03056F42A5B43B300960634 /* MessageCell.xib in Resources */,
				B03BF3352A1F87D00015BCB4 /* LaunchScreen.storyboard in Resources */,
				B07A22132A1FA9560010F97C /* GoogleService-Info.plist in Resources */,
				B03BF3322A1F87D00015BCB4 /* Assets.xcassets in Resources */,
				B03BF32D2A1F87CF0015BCB4 /* Main.storyboard in Resources */,
			);
			runOnlyForDeploymentPostprocessing = 0;
		};
/* End PBXResourcesBuildPhase section */

/* Begin PBXSourcesBuildPhase section */
		B03BF31E2A1F87CF0015BCB4 /* Sources */ = {
			isa = PBXSourcesBuildPhase;
			buildActionMask = 2147483647;
			files = (
				B03BF35F2A1F9BBC0015BCB4 /* DatabaseService.swift in Sources */,
				B07A22182A1FBB700010F97C /* SeguePerformable.swift in Sources */,
				B03BF34C2A1F939F0015BCB4 /* LoginViewController.swift in Sources */,
				B03BF34E2A1F93B50015BCB4 /* EntryViewController.swift in Sources */,
				B03BF3462A1F8C6B0015BCB4 /* NewConversationViewController.swift in Sources */,
				B03BF3482A1F938C0015BCB4 /* ConversationsViewController.swift in Sources */,
				B03BF34A2A1F93960015BCB4 /* RegisterViewController.swift in Sources */,
				B0A19C1E2A2802ED00608FED /* Message.swift in Sources */,
				B03BF3302A1F87CF0015BCB4 /* Pigeon.xcdatamodeld in Sources */,
				B07DFD852A2221A800B2DADF /* UserCell.swift in Sources */,
				B03BF3262A1F87CF0015BCB4 /* AppDelegate.swift in Sources */,
				B07DFD7A2A221B7900B2DADF /* UserCellPresenter.swift in Sources */,
				B03BF3582A1F941C0015BCB4 /* LoginViewModel.swift in Sources */,
				B03BF3442A1F8C580015BCB4 /* ChatViewController.swift in Sources */,
				B00EAD552A5B3FCA00A444DA /* MessageCellPresenter.swift in Sources */,
				B03BF3562A1F940E0015BCB4 /* RegisterViewModel.swift in Sources */,
				B03BF35D2A1F9B730015BCB4 /* FirebaseAuthService.swift in Sources */,
				B03BF3502A1F93D00015BCB4 /* ChatViewModel.swift in Sources */,
				B07A22162A1FBAE40010F97C /* AlertPresentable.swift in Sources */,
				B03BF3522A1F93E20015BCB4 /* NewConversationViewModel.swift in Sources */,
				B03BF35A2A1F94300015BCB4 /* EntryViewModel.swift in Sources */,
				B03BF3542A1F93F70015BCB4 /* ConversationsViewModel.swift in Sources */,
				B09375A22A213A8300DCE725 /* Conversation.swift in Sources */,
				B03BF3282A1F87CF0015BCB4 /* SceneDelegate.swift in Sources */,
				B03BF3732A1FA0B70015BCB4 /* MessageCell.swift in Sources */,
				B07DFD802A221DA600B2DADF /* Collection+Extensions.swift in Sources */,
			);
			runOnlyForDeploymentPostprocessing = 0;
		};
/* End PBXSourcesBuildPhase section */

/* Begin PBXVariantGroup section */
		B03BF32B2A1F87CF0015BCB4 /* Main.storyboard */ = {
			isa = PBXVariantGroup;
			children = (
				B03BF32C2A1F87CF0015BCB4 /* Base */,
			);
			name = Main.storyboard;
			sourceTree = "<group>";
		};
		B03BF3332A1F87D00015BCB4 /* LaunchScreen.storyboard */ = {
			isa = PBXVariantGroup;
			children = (
				B03BF3342A1F87D00015BCB4 /* Base */,
			);
			name = LaunchScreen.storyboard;
			sourceTree = "<group>";
		};
/* End PBXVariantGroup section */

/* Begin XCBuildConfiguration section */
		B03BF3372A1F87D00015BCB4 /* Debug */ = {
			isa = XCBuildConfiguration;
			buildSettings = {
				ALWAYS_SEARCH_USER_PATHS = NO;
				CLANG_ANALYZER_NONNULL = YES;
				CLANG_ANALYZER_NUMBER_OBJECT_CONVERSION = YES_AGGRESSIVE;
				CLANG_CXX_LANGUAGE_STANDARD = "gnu++20";
				CLANG_ENABLE_MODULES = YES;
				CLANG_ENABLE_OBJC_ARC = YES;
				CLANG_ENABLE_OBJC_WEAK = YES;
				CLANG_WARN_BLOCK_CAPTURE_AUTORELEASING = YES;
				CLANG_WARN_BOOL_CONVERSION = YES;
				CLANG_WARN_COMMA = YES;
				CLANG_WARN_CONSTANT_CONVERSION = YES;
				CLANG_WARN_DEPRECATED_OBJC_IMPLEMENTATIONS = YES;
				CLANG_WARN_DIRECT_OBJC_ISA_USAGE = YES_ERROR;
				CLANG_WARN_DOCUMENTATION_COMMENTS = YES;
				CLANG_WARN_EMPTY_BODY = YES;
				CLANG_WARN_ENUM_CONVERSION = YES;
				CLANG_WARN_INFINITE_RECURSION = YES;
				CLANG_WARN_INT_CONVERSION = YES;
				CLANG_WARN_NON_LITERAL_NULL_CONVERSION = YES;
				CLANG_WARN_OBJC_IMPLICIT_RETAIN_SELF = YES;
				CLANG_WARN_OBJC_LITERAL_CONVERSION = YES;
				CLANG_WARN_OBJC_ROOT_CLASS = YES_ERROR;
				CLANG_WARN_QUOTED_INCLUDE_IN_FRAMEWORK_HEADER = YES;
				CLANG_WARN_RANGE_LOOP_ANALYSIS = YES;
				CLANG_WARN_STRICT_PROTOTYPES = YES;
				CLANG_WARN_SUSPICIOUS_MOVE = YES;
				CLANG_WARN_UNGUARDED_AVAILABILITY = YES_AGGRESSIVE;
				CLANG_WARN_UNREACHABLE_CODE = YES;
				CLANG_WARN__DUPLICATE_METHOD_MATCH = YES;
				COPY_PHASE_STRIP = NO;
				DEBUG_INFORMATION_FORMAT = dwarf;
				ENABLE_STRICT_OBJC_MSGSEND = YES;
				ENABLE_TESTABILITY = YES;
				GCC_C_LANGUAGE_STANDARD = gnu11;
				GCC_DYNAMIC_NO_PIC = NO;
				GCC_NO_COMMON_BLOCKS = YES;
				GCC_OPTIMIZATION_LEVEL = 0;
				GCC_PREPROCESSOR_DEFINITIONS = (
					"DEBUG=1",
					"$(inherited)",
				);
				GCC_WARN_64_TO_32_BIT_CONVERSION = YES;
				GCC_WARN_ABOUT_RETURN_TYPE = YES_ERROR;
				GCC_WARN_UNDECLARED_SELECTOR = YES;
				GCC_WARN_UNINITIALIZED_AUTOS = YES_AGGRESSIVE;
				GCC_WARN_UNUSED_FUNCTION = YES;
				GCC_WARN_UNUSED_VARIABLE = YES;
				IPHONEOS_DEPLOYMENT_TARGET = 16.4;
				MTL_ENABLE_DEBUG_INFO = INCLUDE_SOURCE;
				MTL_FAST_MATH = YES;
				ONLY_ACTIVE_ARCH = YES;
				SDKROOT = iphoneos;
				SWIFT_ACTIVE_COMPILATION_CONDITIONS = DEBUG;
				SWIFT_OPTIMIZATION_LEVEL = "-Onone";
			};
			name = Debug;
		};
		B03BF3382A1F87D00015BCB4 /* Release */ = {
			isa = XCBuildConfiguration;
			buildSettings = {
				ALWAYS_SEARCH_USER_PATHS = NO;
				CLANG_ANALYZER_NONNULL = YES;
				CLANG_ANALYZER_NUMBER_OBJECT_CONVERSION = YES_AGGRESSIVE;
				CLANG_CXX_LANGUAGE_STANDARD = "gnu++20";
				CLANG_ENABLE_MODULES = YES;
				CLANG_ENABLE_OBJC_ARC = YES;
				CLANG_ENABLE_OBJC_WEAK = YES;
				CLANG_WARN_BLOCK_CAPTURE_AUTORELEASING = YES;
				CLANG_WARN_BOOL_CONVERSION = YES;
				CLANG_WARN_COMMA = YES;
				CLANG_WARN_CONSTANT_CONVERSION = YES;
				CLANG_WARN_DEPRECATED_OBJC_IMPLEMENTATIONS = YES;
				CLANG_WARN_DIRECT_OBJC_ISA_USAGE = YES_ERROR;
				CLANG_WARN_DOCUMENTATION_COMMENTS = YES;
				CLANG_WARN_EMPTY_BODY = YES;
				CLANG_WARN_ENUM_CONVERSION = YES;
				CLANG_WARN_INFINITE_RECURSION = YES;
				CLANG_WARN_INT_CONVERSION = YES;
				CLANG_WARN_NON_LITERAL_NULL_CONVERSION = YES;
				CLANG_WARN_OBJC_IMPLICIT_RETAIN_SELF = YES;
				CLANG_WARN_OBJC_LITERAL_CONVERSION = YES;
				CLANG_WARN_OBJC_ROOT_CLASS = YES_ERROR;
				CLANG_WARN_QUOTED_INCLUDE_IN_FRAMEWORK_HEADER = YES;
				CLANG_WARN_RANGE_LOOP_ANALYSIS = YES;
				CLANG_WARN_STRICT_PROTOTYPES = YES;
				CLANG_WARN_SUSPICIOUS_MOVE = YES;
				CLANG_WARN_UNGUARDED_AVAILABILITY = YES_AGGRESSIVE;
				CLANG_WARN_UNREACHABLE_CODE = YES;
				CLANG_WARN__DUPLICATE_METHOD_MATCH = YES;
				COPY_PHASE_STRIP = NO;
				DEBUG_INFORMATION_FORMAT = "dwarf-with-dsym";
				ENABLE_NS_ASSERTIONS = NO;
				ENABLE_STRICT_OBJC_MSGSEND = YES;
				GCC_C_LANGUAGE_STANDARD = gnu11;
				GCC_NO_COMMON_BLOCKS = YES;
				GCC_WARN_64_TO_32_BIT_CONVERSION = YES;
				GCC_WARN_ABOUT_RETURN_TYPE = YES_ERROR;
				GCC_WARN_UNDECLARED_SELECTOR = YES;
				GCC_WARN_UNINITIALIZED_AUTOS = YES_AGGRESSIVE;
				GCC_WARN_UNUSED_FUNCTION = YES;
				GCC_WARN_UNUSED_VARIABLE = YES;
				IPHONEOS_DEPLOYMENT_TARGET = 16.4;
				MTL_ENABLE_DEBUG_INFO = NO;
				MTL_FAST_MATH = YES;
				SDKROOT = iphoneos;
				SWIFT_COMPILATION_MODE = wholemodule;
				SWIFT_OPTIMIZATION_LEVEL = "-O";
				VALIDATE_PRODUCT = YES;
			};
			name = Release;
		};
		B03BF33A2A1F87D00015BCB4 /* Debug */ = {
			isa = XCBuildConfiguration;
			buildSettings = {
				ASSETCATALOG_COMPILER_APPICON_NAME = AppIcon;
				ASSETCATALOG_COMPILER_GLOBAL_ACCENT_COLOR_NAME = AccentColor;
				CODE_SIGN_STYLE = Automatic;
				CURRENT_PROJECT_VERSION = 1;
				DEVELOPMENT_TEAM = M3L7HK72ZK;
				GENERATE_INFOPLIST_FILE = YES;
				INFOPLIST_FILE = Pigeon/Info.plist;
				INFOPLIST_KEY_UIApplicationSupportsIndirectInputEvents = YES;
				INFOPLIST_KEY_UILaunchStoryboardName = LaunchScreen;
				INFOPLIST_KEY_UIMainStoryboardFile = Main;
				INFOPLIST_KEY_UISupportedInterfaceOrientations_iPad = "UIInterfaceOrientationPortrait UIInterfaceOrientationPortraitUpsideDown UIInterfaceOrientationLandscapeLeft UIInterfaceOrientationLandscapeRight";
				INFOPLIST_KEY_UISupportedInterfaceOrientations_iPhone = "UIInterfaceOrientationPortrait UIInterfaceOrientationLandscapeLeft UIInterfaceOrientationLandscapeRight";
				LD_RUNPATH_SEARCH_PATHS = (
					"$(inherited)",
					"@executable_path/Frameworks",
				);
				MARKETING_VERSION = 1.0;
				PRODUCT_BUNDLE_IDENTIFIER = com.ctn.Pigeon;
				PRODUCT_NAME = "$(TARGET_NAME)";
				SWIFT_EMIT_LOC_STRINGS = YES;
				SWIFT_VERSION = 5.0;
				TARGETED_DEVICE_FAMILY = "1,2";
			};
			name = Debug;
		};
		B03BF33B2A1F87D00015BCB4 /* Release */ = {
			isa = XCBuildConfiguration;
			buildSettings = {
				ASSETCATALOG_COMPILER_APPICON_NAME = AppIcon;
				ASSETCATALOG_COMPILER_GLOBAL_ACCENT_COLOR_NAME = AccentColor;
				CODE_SIGN_STYLE = Automatic;
				CURRENT_PROJECT_VERSION = 1;
				DEVELOPMENT_TEAM = M3L7HK72ZK;
				GENERATE_INFOPLIST_FILE = YES;
				INFOPLIST_FILE = Pigeon/Info.plist;
				INFOPLIST_KEY_UIApplicationSupportsIndirectInputEvents = YES;
				INFOPLIST_KEY_UILaunchStoryboardName = LaunchScreen;
				INFOPLIST_KEY_UIMainStoryboardFile = Main;
				INFOPLIST_KEY_UISupportedInterfaceOrientations_iPad = "UIInterfaceOrientationPortrait UIInterfaceOrientationPortraitUpsideDown UIInterfaceOrientationLandscapeLeft UIInterfaceOrientationLandscapeRight";
				INFOPLIST_KEY_UISupportedInterfaceOrientations_iPhone = "UIInterfaceOrientationPortrait UIInterfaceOrientationLandscapeLeft UIInterfaceOrientationLandscapeRight";
				LD_RUNPATH_SEARCH_PATHS = (
					"$(inherited)",
					"@executable_path/Frameworks",
				);
				MARKETING_VERSION = 1.0;
				PRODUCT_BUNDLE_IDENTIFIER = com.ctn.Pigeon;
				PRODUCT_NAME = "$(TARGET_NAME)";
				SWIFT_EMIT_LOC_STRINGS = YES;
				SWIFT_VERSION = 5.0;
				TARGETED_DEVICE_FAMILY = "1,2";
			};
			name = Release;
		};
/* End XCBuildConfiguration section */

/* Begin XCConfigurationList section */
		B03BF31D2A1F87CF0015BCB4 /* Build configuration list for PBXProject "Pigeon" */ = {
			isa = XCConfigurationList;
			buildConfigurations = (
				B03BF3372A1F87D00015BCB4 /* Debug */,
				B03BF3382A1F87D00015BCB4 /* Release */,
			);
			defaultConfigurationIsVisible = 0;
			defaultConfigurationName = Release;
		};
		B03BF3392A1F87D00015BCB4 /* Build configuration list for PBXNativeTarget "Pigeon" */ = {
			isa = XCConfigurationList;
			buildConfigurations = (
				B03BF33A2A1F87D00015BCB4 /* Debug */,
				B03BF33B2A1F87D00015BCB4 /* Release */,
			);
			defaultConfigurationIsVisible = 0;
			defaultConfigurationName = Release;
		};
/* End XCConfigurationList section */

/* Begin XCRemoteSwiftPackageReference section */
		B07A22052A1FA9070010F97C /* XCRemoteSwiftPackageReference "firebase-ios-sdk" */ = {
			isa = XCRemoteSwiftPackageReference;
			repositoryURL = "https://github.com/firebase/firebase-ios-sdk";
			requirement = {
				kind = exactVersion;
				version = 10.10.0;
			};
		};
/* End XCRemoteSwiftPackageReference section */

/* Begin XCSwiftPackageProductDependency section */
		B07A22062A1FA9070010F97C /* FirebaseAppCheck */ = {
			isa = XCSwiftPackageProductDependency;
			package = B07A22052A1FA9070010F97C /* XCRemoteSwiftPackageReference "firebase-ios-sdk" */;
			productName = FirebaseAppCheck;
		};
		B07A22082A1FA9070010F97C /* FirebaseAuth */ = {
			isa = XCSwiftPackageProductDependency;
			package = B07A22052A1FA9070010F97C /* XCRemoteSwiftPackageReference "firebase-ios-sdk" */;
			productName = FirebaseAuth;
		};
		B07A220A2A1FA9070010F97C /* FirebaseCrashlytics */ = {
			isa = XCSwiftPackageProductDependency;
			package = B07A22052A1FA9070010F97C /* XCRemoteSwiftPackageReference "firebase-ios-sdk" */;
			productName = FirebaseCrashlytics;
		};
		B07A220C2A1FA9070010F97C /* FirebaseDatabase */ = {
			isa = XCSwiftPackageProductDependency;
			package = B07A22052A1FA9070010F97C /* XCRemoteSwiftPackageReference "firebase-ios-sdk" */;
			productName = FirebaseDatabase;
		};
		B07A220E2A1FA9070010F97C /* FirebaseFirestore */ = {
			isa = XCSwiftPackageProductDependency;
			package = B07A22052A1FA9070010F97C /* XCRemoteSwiftPackageReference "firebase-ios-sdk" */;
			productName = FirebaseFirestore;
		};
		B07A22102A1FA9070010F97C /* FirebaseStorage */ = {
			isa = XCSwiftPackageProductDependency;
			package = B07A22052A1FA9070010F97C /* XCRemoteSwiftPackageReference "firebase-ios-sdk" */;
			productName = FirebaseStorage;
		};
/* End XCSwiftPackageProductDependency section */

/* Begin XCVersionGroup section */
		B03BF32E2A1F87CF0015BCB4 /* Pigeon.xcdatamodeld */ = {
			isa = XCVersionGroup;
			children = (
				B03BF32F2A1F87CF0015BCB4 /* Pigeon.xcdatamodel */,
			);
			currentVersion = B03BF32F2A1F87CF0015BCB4 /* Pigeon.xcdatamodel */;
			path = Pigeon.xcdatamodeld;
			sourceTree = "<group>";
			versionGroupType = wrapper.xcdatamodel;
		};
/* End XCVersionGroup section */
	};
	rootObject = B03BF31A2A1F87CF0015BCB4 /* Project object */;
}
